// !$*UTF8*$!
{
	archiveVersion = 1;
	classes = {
	};
	objectVersion = 46;
	objects = {

/* Begin PBXBuildFile section */
		C7498D1D1D7F7C2000514195 /* AppDelegate.swift in Sources */ = {isa = PBXBuildFile; fileRef = C7498D1C1D7F7C2000514195 /* AppDelegate.swift */; };
		C7498D1F1D7F7C2000514195 /* ViewController.swift in Sources */ = {isa = PBXBuildFile; fileRef = C7498D1E1D7F7C2000514195 /* ViewController.swift */; };
		C7498D221D7F7C2000514195 /* Main.storyboard in Resources */ = {isa = PBXBuildFile; fileRef = C7498D201D7F7C2000514195 /* Main.storyboard */; };
		C7498D241D7F7C2000514195 /* Assets.xcassets in Resources */ = {isa = PBXBuildFile; fileRef = C7498D231D7F7C2000514195 /* Assets.xcassets */; };
		C7498D271D7F7C2000514195 /* LaunchScreen.storyboard in Resources */ = {isa = PBXBuildFile; fileRef = C7498D251D7F7C2000514195 /* LaunchScreen.storyboard */; };
		C7498D321D7F7C2000514195 /* Guess_the_NumberTests.swift in Sources */ = {isa = PBXBuildFile; fileRef = C7498D311D7F7C2000514195 /* Guess_the_NumberTests.swift */; };
		C7498D3D1D7F7C2000514195 /* Guess_the_NumberUITests.swift in Sources */ = {isa = PBXBuildFile; fileRef = C7498D3C1D7F7C2000514195 /* Guess_the_NumberUITests.swift */; };
/* End PBXBuildFile section */

/* Begin PBXContainerItemProxy section */
		C7498D2E1D7F7C2000514195 /* PBXContainerItemProxy */ = {
			isa = PBXContainerItemProxy;
			containerPortal = C7498D111D7F7C2000514195 /* Project object */;
			proxyType = 1;
			remoteGlobalIDString = C7498D181D7F7C2000514195;
			remoteInfo = "Guess the Number";
		};
		C7498D391D7F7C2000514195 /* PBXContainerItemProxy */ = {
			isa = PBXContainerItemProxy;
			containerPortal = C7498D111D7F7C2000514195 /* Project object */;
			proxyType = 1;
			remoteGlobalIDString = C7498D181D7F7C2000514195;
			remoteInfo = "Guess the Number";
		};
/* End PBXContainerItemProxy section */

/* Begin PBXFileReference section */
		C7498D191D7F7C2000514195 /* Guess the Number.app */ = {isa = PBXFileReference; explicitFileType = wrapper.application; includeInIndex = 0; path = "Guess the Number.app"; sourceTree = BUILT_PRODUCTS_DIR; };
		C7498D1C1D7F7C2000514195 /* AppDelegate.swift */ = {isa = PBXFileReference; lastKnownFileType = sourcecode.swift; path = AppDelegate.swift; sourceTree = "<group>"; };
		C7498D1E1D7F7C2000514195 /* ViewController.swift */ = {isa = PBXFileReference; lastKnownFileType = sourcecode.swift; path = ViewController.swift; sourceTree = "<group>"; };
		C7498D211D7F7C2000514195 /* Base */ = {isa = PBXFileReference; lastKnownFileType = file.storyboard; name = Base; path = Base.lproj/Main.storyboard; sourceTree = "<group>"; };
		C7498D231D7F7C2000514195 /* Assets.xcassets */ = {isa = PBXFileReference; lastKnownFileType = folder.assetcatalog; path = Assets.xcassets; sourceTree = "<group>"; };
		C7498D261D7F7C2000514195 /* Base */ = {isa = PBXFileReference; lastKnownFileType = file.storyboard; name = Base; path = Base.lproj/LaunchScreen.storyboard; sourceTree = "<group>"; };
		C7498D281D7F7C2000514195 /* Info.plist */ = {isa = PBXFileReference; lastKnownFileType = text.plist.xml; path = Info.plist; sourceTree = "<group>"; };
		C7498D2D1D7F7C2000514195 /* Guess the NumberTests.xctest */ = {isa = PBXFileReference; explicitFileType = wrapper.cfbundle; includeInIndex = 0; path = "Guess the NumberTests.xctest"; sourceTree = BUILT_PRODUCTS_DIR; };
		C7498D311D7F7C2000514195 /* Guess_the_NumberTests.swift */ = {isa = PBXFileReference; lastKnownFileType = sourcecode.swift; path = Guess_the_NumberTests.swift; sourceTree = "<group>"; };
		C7498D331D7F7C2000514195 /* Info.plist */ = {isa = PBXFileReference; lastKnownFileType = text.plist.xml; path = Info.plist; sourceTree = "<group>"; };
		C7498D381D7F7C2000514195 /* Guess the NumberUITests.xctest */ = {isa = PBXFileReference; explicitFileType = wrapper.cfbundle; includeInIndex = 0; path = "Guess the NumberUITests.xctest"; sourceTree = BUILT_PRODUCTS_DIR; };
		C7498D3C1D7F7C2000514195 /* Guess_the_NumberUITests.swift */ = {isa = PBXFileReference; lastKnownFileType = sourcecode.swift; path = Guess_the_NumberUITests.swift; sourceTree = "<group>"; };
		C7498D3E1D7F7C2000514195 /* Info.plist */ = {isa = PBXFileReference; lastKnownFileType = text.plist.xml; path = Info.plist; sourceTree = "<group>"; };
/* End PBXFileReference section */

/* Begin PBXFrameworksBuildPhase section */
		C7498D161D7F7C2000514195 /* Frameworks */ = {
			isa = PBXFrameworksBuildPhase;
			buildActionMask = 2147483647;
			files = (
			);
			runOnlyForDeploymentPostprocessing = 0;
		};
		C7498D2A1D7F7C2000514195 /* Frameworks */ = {
			isa = PBXFrameworksBuildPhase;
			buildActionMask = 2147483647;
			files = (
			);
			runOnlyForDeploymentPostprocessing = 0;
		};
		C7498D351D7F7C2000514195 /* Frameworks */ = {
			isa = PBXFrameworksBuildPhase;
			buildActionMask = 2147483647;
			files = (
			);
			runOnlyForDeploymentPostprocessing = 0;
		};
/* End PBXFrameworksBuildPhase section */

/* Begin PBXGroup section */
		C7498D101D7F7C2000514195 = {
			isa = PBXGroup;
			children = (
				C7498D1B1D7F7C2000514195 /* Guess the Number */,
				C7498D301D7F7C2000514195 /* Guess the NumberTests */,
				C7498D3B1D7F7C2000514195 /* Guess the NumberUITests */,
				C7498D1A1D7F7C2000514195 /* Products */,
			);
			sourceTree = "<group>";
		};
		C7498D1A1D7F7C2000514195 /* Products */ = {
			isa = PBXGroup;
			children = (
				C7498D191D7F7C2000514195 /* Guess the Number.app */,
				C7498D2D1D7F7C2000514195 /* Guess the NumberTests.xctest */,
				C7498D381D7F7C2000514195 /* Guess the NumberUITests.xctest */,
			);
			name = Products;
			sourceTree = "<group>";
		};
		C7498D1B1D7F7C2000514195 /* Guess the Number */ = {
			isa = PBXGroup;
			children = (
				C7498D1C1D7F7C2000514195 /* AppDelegate.swift */,
				C7498D1E1D7F7C2000514195 /* ViewController.swift */,
				C7498D201D7F7C2000514195 /* Main.storyboard */,
				C7498D231D7F7C2000514195 /* Assets.xcassets */,
				C7498D251D7F7C2000514195 /* LaunchScreen.storyboard */,
				C7498D281D7F7C2000514195 /* Info.plist */,
			);
			path = "Guess the Number";
			sourceTree = "<group>";
		};
		C7498D301D7F7C2000514195 /* Guess the NumberTests */ = {
			isa = PBXGroup;
			children = (
				C7498D311D7F7C2000514195 /* Guess_the_NumberTests.swift */,
				C7498D331D7F7C2000514195 /* Info.plist */,
			);
			path = "Guess the NumberTests";
			sourceTree = "<group>";
		};
		C7498D3B1D7F7C2000514195 /* Guess the NumberUITests */ = {
			isa = PBXGroup;
			children = (
				C7498D3C1D7F7C2000514195 /* Guess_the_NumberUITests.swift */,
				C7498D3E1D7F7C2000514195 /* Info.plist */,
			);
			path = "Guess the NumberUITests";
			sourceTree = "<group>";
		};
/* End PBXGroup section */

/* Begin PBXNativeTarget section */
		C7498D181D7F7C2000514195 /* Guess the Number */ = {
			isa = PBXNativeTarget;
			buildConfigurationList = C7498D411D7F7C2000514195 /* Build configuration list for PBXNativeTarget "Guess the Number" */;
			buildPhases = (
				C7498D151D7F7C2000514195 /* Sources */,
				C7498D161D7F7C2000514195 /* Frameworks */,
				C7498D171D7F7C2000514195 /* Resources */,
			);
			buildRules = (
			);
			dependencies = (
			);
			name = "Guess the Number";
			productName = "Guess the Number";
			productReference = C7498D191D7F7C2000514195 /* Guess the Number.app */;
			productType = "com.apple.product-type.application";
		};
		C7498D2C1D7F7C2000514195 /* Guess the NumberTests */ = {
			isa = PBXNativeTarget;
			buildConfigurationList = C7498D441D7F7C2000514195 /* Build configuration list for PBXNativeTarget "Guess the NumberTests" */;
			buildPhases = (
				C7498D291D7F7C2000514195 /* Sources */,
				C7498D2A1D7F7C2000514195 /* Frameworks */,
				C7498D2B1D7F7C2000514195 /* Resources */,
			);
			buildRules = (
			);
			dependencies = (
				C7498D2F1D7F7C2000514195 /* PBXTargetDependency */,
			);
			name = "Guess the NumberTests";
			productName = "Guess the NumberTests";
			productReference = C7498D2D1D7F7C2000514195 /* Guess the NumberTests.xctest */;
			productType = "com.apple.product-type.bundle.unit-test";
		};
		C7498D371D7F7C2000514195 /* Guess the NumberUITests */ = {
			isa = PBXNativeTarget;
			buildConfigurationList = C7498D471D7F7C2000514195 /* Build configuration list for PBXNativeTarget "Guess the NumberUITests" */;
			buildPhases = (
				C7498D341D7F7C2000514195 /* Sources */,
				C7498D351D7F7C2000514195 /* Frameworks */,
				C7498D361D7F7C2000514195 /* Resources */,
			);
			buildRules = (
			);
			dependencies = (
				C7498D3A1D7F7C2000514195 /* PBXTargetDependency */,
			);
			name = "Guess the NumberUITests";
			productName = "Guess the NumberUITests";
			productReference = C7498D381D7F7C2000514195 /* Guess the NumberUITests.xctest */;
			productType = "com.apple.product-type.bundle.ui-testing";
		};
/* End PBXNativeTarget section */

/* Begin PBXProject section */
		C7498D111D7F7C2000514195 /* Project object */ = {
			isa = PBXProject;
			attributes = {
				LastSwiftUpdateCheck = 0730;
				LastUpgradeCheck = 0730;
				ORGANIZATIONNAME = "Arihan Shah";
				TargetAttributes = {
					C7498D181D7F7C2000514195 = {
						CreatedOnToolsVersion = 7.3.1;
					};
					C7498D2C1D7F7C2000514195 = {
						CreatedOnToolsVersion = 7.3.1;
						TestTargetID = C7498D181D7F7C2000514195;
					};
					C7498D371D7F7C2000514195 = {
						CreatedOnToolsVersion = 7.3.1;
						TestTargetID = C7498D181D7F7C2000514195;
					};
				};
			};
			buildConfigurationList = C7498D141D7F7C2000514195 /* Build configuration list for PBXProject "Guess the Number" */;
			compatibilityVersion = "Xcode 3.2";
			developmentRegion = English;
			hasScannedForEncodings = 0;
			knownRegions = (
				en,
				Base,
			);
			mainGroup = C7498D101D7F7C2000514195;
			productRefGroup = C7498D1A1D7F7C2000514195 /* Products */;
			projectDirPath = "";
			projectRoot = "";
			targets = (
				C7498D181D7F7C2000514195 /* Guess the Number */,
				C7498D2C1D7F7C2000514195 /* Guess the NumberTests */,
				C7498D371D7F7C2000514195 /* Guess the NumberUITests */,
			);
		};
/* End PBXProject section */

/* Begin PBXResourcesBuildPhase section */
		C7498D171D7F7C2000514195 /* Resources */ = {
			isa = PBXResourcesBuildPhase;
			buildActionMask = 2147483647;
			files = (
				C7498D271D7F7C2000514195 /* LaunchScreen.storyboard in Resources */,
				C7498D241D7F7C2000514195 /* Assets.xcassets in Resources */,
				C7498D221D7F7C2000514195 /* Main.storyboard in Resources */,
			);
			runOnlyForDeploymentPostprocessing = 0;
		};
		C7498D2B1D7F7C2000514195 /* Resources */ = {
			isa = PBXResourcesBuildPhase;
			buildActionMask = 2147483647;
			files = (
			);
			runOnlyForDeploymentPostprocessing = 0;
		};
		C7498D361D7F7C2000514195 /* Resources */ = {
			isa = PBXResourcesBuildPhase;
			buildActionMask = 2147483647;
			files = (
			);
			runOnlyForDeploymentPostprocessing = 0;
		};
/* End PBXResourcesBuildPhase section */

/* Begin PBXSourcesBuildPhase section */
		C7498D151D7F7C2000514195 /* Sources */ = {
			isa = PBXSourcesBuildPhase;
			buildActionMask = 2147483647;
			files = (
				C7498D1F1D7F7C2000514195 /* ViewController.swift in Sources */,
				C7498D1D1D7F7C2000514195 /* AppDelegate.swift in Sources */,
			);
			runOnlyForDeploymentPostprocessing = 0;
		};
		C7498D291D7F7C2000514195 /* Sources */ = {
			isa = PBXSourcesBuildPhase;
			buildActionMask = 2147483647;
			files = (
				C7498D321D7F7C2000514195 /* Guess_the_NumberTests.swift in Sources */,
			);
			runOnlyForDeploymentPostprocessing = 0;
		};
		C7498D341D7F7C2000514195 /* Sources */ = {
			isa = PBXSourcesBuildPhase;
			buildActionMask = 2147483647;
			files = (
				C7498D3D1D7F7C2000514195 /* Guess_the_NumberUITests.swift in Sources */,
			);
			runOnlyForDeploymentPostprocessing = 0;
		};
/* End PBXSourcesBuildPhase section */

/* Begin PBXTargetDependency section */
		C7498D2F1D7F7C2000514195 /* PBXTargetDependency */ = {
			isa = PBXTargetDependency;
			target = C7498D181D7F7C2000514195 /* Guess the Number */;
			targetProxy = C7498D2E1D7F7C2000514195 /* PBXContainerItemProxy */;
		};
		C7498D3A1D7F7C2000514195 /* PBXTargetDependency */ = {
			isa = PBXTargetDependency;
			target = C7498D181D7F7C2000514195 /* Guess the Number */;
			targetProxy = C7498D391D7F7C2000514195 /* PBXContainerItemProxy */;
		};
/* End PBXTargetDependency section */

/* Begin PBXVariantGroup section */
		C7498D201D7F7C2000514195 /* Main.storyboard */ = {
			isa = PBXVariantGroup;
			children = (
				C7498D211D7F7C2000514195 /* Base */,
			);
			name = Main.storyboard;
			sourceTree = "<group>";
		};
		C7498D251D7F7C2000514195 /* LaunchScreen.storyboard */ = {
			isa = PBXVariantGroup;
			children = (
				C7498D261D7F7C2000514195 /* Base */,
			);
			name = LaunchScreen.storyboard;
			sourceTree = "<group>";
		};
/* End PBXVariantGroup section */

/* Begin XCBuildConfiguration section */
		C7498D3F1D7F7C2000514195 /* Debug */ = {
			isa = XCBuildConfiguration;
			buildSettings = {
				ALWAYS_SEARCH_USER_PATHS = NO;
				CLANG_ANALYZER_NONNULL = YES;
				CLANG_CXX_LANGUAGE_STANDARD = "gnu++0x";
				CLANG_CXX_LIBRARY = "libc++";
				CLANG_ENABLE_MODULES = YES;
				CLANG_ENABLE_OBJC_ARC = YES;
				CLANG_WARN_BOOL_CONVERSION = YES;
				CLANG_WARN_CONSTANT_CONVERSION = YES;
				CLANG_WARN_DIRECT_OBJC_ISA_USAGE = YES_ERROR;
				CLANG_WARN_EMPTY_BODY = YES;
				CLANG_WARN_ENUM_CONVERSION = YES;
				CLANG_WARN_INT_CONVERSION = YES;
				CLANG_WARN_OBJC_ROOT_CLASS = YES_ERROR;
				CLANG_WARN_UNREACHABLE_CODE = YES;
				CLANG_WARN__DUPLICATE_METHOD_MATCH = YES;
				"CODE_SIGN_IDENTITY[sdk=iphoneos*]" = "iPhone Developer";
				COPY_PHASE_STRIP = NO;
				DEBUG_INFORMATION_FORMAT = dwarf;
				ENABLE_STRICT_OBJC_MSGSEND = YES;
				ENABLE_TESTABILITY = YES;
				GCC_C_LANGUAGE_STANDARD = gnu99;
				GCC_DYNAMIC_NO_PIC = NO;
				GCC_NO_COMMON_BLOCKS = YES;
				GCC_OPTIMIZATION_LEVEL = 0;
				GCC_PREPROCESSOR_DEFINITIONS = (
					"DEBUG=1",
					"$(inherited)",
				);
				GCC_WARN_64_TO_32_BIT_CONVERSION = YES;
				GCC_WARN_ABOUT_RETURN_TYPE = YES_ERROR;
				GCC_WARN_UNDECLARED_SELECTOR = YES;
				GCC_WARN_UNINITIALIZED_AUTOS = YES_AGGRESSIVE;
				GCC_WARN_UNUSED_FUNCTION = YES;
				GCC_WARN_UNUSED_VARIABLE = YES;
				IPHONEOS_DEPLOYMENT_TARGET = 9.3;
				MTL_ENABLE_DEBUG_INFO = YES;
				ONLY_ACTIVE_ARCH = YES;
				SDKROOT = iphoneos;
				SWIFT_OPTIMIZATION_LEVEL = "-Onone";
				TARGETED_DEVICE_FAMILY = "1,2";
			};
			name = Debug;
		};
		C7498D401D7F7C2000514195 /* Release */ = {
			isa = XCBuildConfiguration;
			buildSettings = {
				ALWAYS_SEARCH_USER_PATHS = NO;
				CLANG_ANALYZER_NONNULL = YES;
				CLANG_CXX_LANGUAGE_STANDARD = "gnu++0x";
				CLANG_CXX_LIBRARY = "libc++";
				CLANG_ENABLE_MODULES = YES;
				CLANG_ENABLE_OBJC_ARC = YES;
				CLANG_WARN_BOOL_CONVERSION = YES;
				CLANG_WARN_CONSTANT_CONVERSION = YES;
				CLANG_WARN_DIRECT_OBJC_ISA_USAGE = YES_ERROR;
				CLANG_WARN_EMPTY_BODY = YES;
				CLANG_WARN_ENUM_CONVERSION = YES;
				CLANG_WARN_INT_CONVERSION = YES;
				CLANG_WARN_OBJC_ROOT_CLASS = YES_ERROR;
				CLANG_WARN_UNREACHABLE_CODE = YES;
				CLANG_WARN__DUPLICATE_METHOD_MATCH = YES;
				"CODE_SIGN_IDENTITY[sdk=iphoneos*]" = "iPhone Developer";
				COPY_PHASE_STRIP = NO;
				DEBUG_INFORMATION_FORMAT = "dwarf-with-dsym";
				ENABLE_NS_ASSERTIONS = NO;
				ENABLE_STRICT_OBJC_MSGSEND = YES;
				GCC_C_LANGUAGE_STANDARD = gnu99;
				GCC_NO_COMMON_BLOCKS = YES;
				GCC_WARN_64_TO_32_BIT_CONVERSION = YES;
				GCC_WARN_ABOUT_RETURN_TYPE = YES_ERROR;
				GCC_WARN_UNDECLARED_SELECTOR = YES;
				GCC_WARN_UNINITIALIZED_AUTOS = YES_AGGRESSIVE;
				GCC_WARN_UNUSED_FUNCTION = YES;
				GCC_WARN_UNUSED_VARIABLE = YES;
				IPHONEOS_DEPLOYMENT_TARGET = 9.3;
				MTL_ENABLE_DEBUG_INFO = NO;
				SDKROOT = iphoneos;
				TARGETED_DEVICE_FAMILY = "1,2";
				VALIDATE_PRODUCT = YES;
			};
			name = Release;
		};
		C7498D421D7F7C2000514195 /* Debug */ = {
			isa = XCBuildConfiguration;
			buildSettings = {
				ASSETCATALOG_COMPILER_APPICON_NAME = AppIcon;
				INFOPLIST_FILE = "Guess the Number/Info.plist";
				LD_RUNPATH_SEARCH_PATHS = "$(inherited) @executable_path/Frameworks";
				PRODUCT_BUNDLE_IDENTIFIER = "ashah.Guess-the-Number";
				PRODUCT_NAME = "$(TARGET_NAME)";
			};
			name = Debug;
		};
		C7498D431D7F7C2000514195 /* Release */ = {
			isa = XCBuildConfiguration;
			buildSettings = {
				ASSETCATALOG_COMPILER_APPICON_NAME = AppIcon;
				INFOPLIST_FILE = "Guess the Number/Info.plist";
				LD_RUNPATH_SEARCH_PATHS = "$(inherited) @executable_path/Frameworks";
				PRODUCT_BUNDLE_IDENTIFIER = "ashah.Guess-the-Number";
				PRODUCT_NAME = "$(TARGET_NAME)";
			};
			name = Release;
		};
		C7498D451D7F7C2000514195 /* Debug */ = {
			isa = XCBuildConfiguration;
			buildSettings = {
				BUNDLE_LOADER = "$(TEST_HOST)";
				INFOPLIST_FILE = "Guess the NumberTests/Info.plist";
				LD_RUNPATH_SEARCH_PATHS = "$(inherited) @executable_path/Frameworks @loader_path/Frameworks";
				PRODUCT_BUNDLE_IDENTIFIER = "ashah.Guess-the-NumberTests";
				PRODUCT_NAME = "$(TARGET_NAME)";
				TEST_HOST = "$(BUILT_PRODUCTS_DIR)/Guess the Number.app/Guess the Number";
			};
			name = Debug;
		};
		C7498D461D7F7C2000514195 /* Release */ = {
			isa = XCBuildConfiguration;
			buildSettings = {
				BUNDLE_LOADER = "$(TEST_HOST)";
				INFOPLIST_FILE = "Guess the NumberTests/Info.plist";
				LD_RUNPATH_SEARCH_PATHS = "$(inherited) @executable_path/Frameworks @loader_path/Frameworks";
				PRODUCT_BUNDLE_IDENTIFIER = "ashah.Guess-the-NumberTests";
				PRODUCT_NAME = "$(TARGET_NAME)";
				TEST_HOST = "$(BUILT_PRODUCTS_DIR)/Guess the Number.app/Guess the Number";
			};
			name = Release;
		};
		C7498D481D7F7C2000514195 /* Debug */ = {
			isa = XCBuildConfiguration;
			buildSettings = {
				INFOPLIST_FILE = "Guess the NumberUITests/Info.plist";
				LD_RUNPATH_SEARCH_PATHS = "$(inherited) @executable_path/Frameworks @loader_path/Frameworks";
				PRODUCT_BUNDLE_IDENTIFIER = "ashah.Guess-the-NumberUITests";
				PRODUCT_NAME = "$(TARGET_NAME)";
				TEST_TARGET_NAME = "Guess the Number";
			};
			name = Debug;
		};
		C7498D491D7F7C2000514195 /* Release */ = {
			isa = XCBuildConfiguration;
			buildSettings = {
				INFOPLIST_FILE = "Guess the NumberUITests/Info.plist";
				LD_RUNPATH_SEARCH_PATHS = "$(inherited) @executable_path/Frameworks @loader_path/Frameworks";
				PRODUCT_BUNDLE_IDENTIFIER = "ashah.Guess-the-NumberUITests";
				PRODUCT_NAME = "$(TARGET_NAME)";
				TEST_TARGET_NAME = "Guess the Number";
			};
			name = Release;
		};
/* End XCBuildConfiguration section */

/* Begin XCConfigurationList section */
		C7498D141D7F7C2000514195 /* Build configuration list for PBXProject "Guess the Number" */ = {
			isa = XCConfigurationList;
			buildConfigurations = (
				C7498D3F1D7F7C2000514195 /* Debug */,
				C7498D401D7F7C2000514195 /* Release */,
			);
			defaultConfigurationIsVisible = 0;
			defaultConfigurationName = Release;
		};
		C7498D411D7F7C2000514195 /* Build configuration list for PBXNativeTarget "Guess the Number" */ = {
			isa = XCConfigurationList;
			buildConfigurations = (
				C7498D421D7F7C2000514195 /* Debug */,
				C7498D431D7F7C2000514195 /* Release */,
			);
			defaultConfigurationIsVisible = 0;
		};
		C7498D441D7F7C2000514195 /* Build configuration list for PBXNativeTarget "Guess the NumberTests" */ = {
			isa = XCConfigurationList;
			buildConfigurations = (
				C7498D451D7F7C2000514195 /* Debug */,
				C7498D461D7F7C2000514195 /* Release */,
			);
			defaultConfigurationIsVisible = 0;
		};
		C7498D471D7F7C2000514195 /* Build configuration list for PBXNativeTarget "Guess the NumberUITests" */ = {
			isa = XCConfigurationList;
			buildConfigurations = (
				C7498D481D7F7C2000514195 /* Debug */,
				C7498D491D7F7C2000514195 /* Release */,
			);
			defaultConfigurationIsVisible = 0;
		};
/* End XCConfigurationList section */
	};
	rootObject = C7498D111D7F7C2000514195 /* Project object */;
}
